{
  "name": "weblarek",
  "version": "1.0.0",
  "lockfileVersion": 3,
  "requires": true,
  "packages": {
    "": {
      "name": "weblarek",
      "version": "1.0.0",
      "license": "ISC",
      "dependencies": {
        "celebrate": "^15.0.3",
        "joi": "^18.2.1"
      }
    },
    "node_modules/@hapi/address": {
      "version": "5.1.1",
      "resolved": "https://registry.npmjs.org/@hapi/address/-/address-5.1.1.tgz",
      "integrity": "sha512-A+po2d/dVoY7cYajycYI43ZbYMXukuopIsqCjh5QzsBCipDtdofHntljDlpccMjIfTy6UOkg+5KPriwYch2bXA==",
      "license": "BSD-3-Clause",
      "dependencies": {
        "@hapi/hoek": "^11.0.2"
      },
      "engines": {
        "node": ">=14.0.0"
      }
    },
    "node_modules/@hapi/formula": {
      "version": "3.0.2",
      "resolved": "https://registry.npmjs.org/@hapi/formula/-/formula-3.0.2.tgz",
      "integrity": "sha512-hY5YPNXzw1He7s0iqkRQi+uMGh383CGdyyIGYtB+W5N3KHPXoqychklvHhKCC9M3Xtv0OCs/IHw+r4dcHtBYWw==",
      "license": "BSD-3-Clause"
    },
    "node_modules/@hapi/hoek": {
      "version": "11.0.7",
      "resolved": "https://registry.npmjs.org/@hapi/hoek/-/hoek-11.0.7.tgz",
      "integrity": "sha512-HV5undWkKzcB4RZUusqOpcgxOaq6VOAH7zhhIr2g3G8NF/MlFO75SjOr2NfuSx0Mh40+1FqCkagKLJRykUWoFQ==",
      "license": "BSD-3-Clause"
    },
    "node_modules/@hapi/pinpoint": {
      "version": "2.0.1",
      "resolved": "https://registry.npmjs.org/@hapi/pinpoint/-/pinpoint-2.0.1.tgz",
      "integrity": "sha512-EKQmr16tM8s16vTT3cA5L0kZZcTMU5DUOZTuvpnY738m+jyP3JIUj+Mm1xc1rsLkGBQ/gVnfKYPwOmPg1tUR4Q==",
      "license": "BSD-3-Clause"
    },
    "node_modules/@hapi/tlds": {
      "version": "1.1.6",
      "resolved": "https://registry.npmjs.org/@hapi/tlds/-/tlds-1.1.6.tgz",
      "integrity": "sha512-xdi7A/4NZokvV0ewovme3aUO5kQhW9pQ2YD1hRqZGhhSi5rBv4usHYidVocXSi9eihYsznZxLtAiEYYUL6VBGw==",
      "license": "BSD-3-Clause",
      "engines": {
        "node": ">=14.0.0"
      }
    },
    "node_modules/@hapi/topo": {
      "version": "6.0.2",
      "resolved": "https://registry.npmjs.org/@hapi/topo/-/topo-6.0.2.tgz",
      "integrity": "sha512-KR3rD5inZbGMrHmgPxsJ9dbi6zEK+C3ZwUwTa+eMwWLz7oijWUTWD2pMSNNYJAU6Qq+65NkxXjqHr/7LM2Xkqg==",
      "license": "BSD-3-Clause",
      "dependencies": {
        "@hapi/hoek": "^11.0.2"
      }
    },
    "node_modules/@sideway/address": {
      "version": "4.1.5",
      "resolved": "https://registry.npmjs.org/@sideway/address/-/address-4.1.5.tgz",
      "integrity": "sha512-IqO/DUQHUkPeixNQ8n0JA6102hT9CmaljNTPmQ1u8MEhBo/R4Q8eKLN/vGZxuebwOroDB4cbpjheD4+/sKFK4Q==",
      "license": "BSD-3-Clause",
      "dependencies": {
        "@hapi/hoek": "^9.0.0"
      }
    },
    "node_modules/@sideway/address/node_modules/@hapi/hoek": {
      "version": "9.3.0",
      "resolved": "https://registry.npmjs.org/@hapi/hoek/-/hoek-9.3.0.tgz",
      "integrity": "sha512-/c6rf4UJlmHlC9b5BaNvzAcFv7HZ2QHaV0D4/HNlBdvFnvQq8RI4kYdhyPCl7Xj+oWvTWQ8ujhqS53LIgAe6KQ==",
      "license": "BSD-3-Clause"
    },
    "node_modules/@sideway/formula": {
      "version": "3.0.1",
      "resolved": "https://registry.npmjs.org/@sideway/formula/-/formula-3.0.1.tgz",
      "integrity": "sha512-/poHZJJVjx3L+zVD6g9KgHfYnb443oi7wLu/XKojDviHy6HOEOA6z1Trk5aR1dGcmPenJEgb2sK2I80LeS3MIg==",
      "license": "BSD-3-Clause"
    },
    "node_modules/@sideway/pinpoint": {
      "version": "2.0.0",
      "resolved": "https://registry.npmjs.org/@sideway/pinpoint/-/pinpoint-2.0.0.tgz",
      "integrity": "sha512-RNiOoTPkptFtSVzQevY/yWtZwf/RxyVnPy/OcA9HBM3MlGDnBEYL5B41H0MTn0Uec8Hi+2qUtTfG2WWZBmMejQ==",
      "license": "BSD-3-Clause"
    },
    "node_modules/@standard-schema/spec": {
      "version": "1.1.0",
      "resolved": "https://registry.npmjs.org/@standard-schema/spec/-/spec-1.1.0.tgz",
      "integrity": "sha512-l2aFy5jALhniG5HgqrD6jXLi/rUWrKvqN/qJx6yoJsgKhblVd+iqqU4RCXavm/jPityDo5TCvKMnpjKnOriy0w==",
      "license": "MIT"
    },
    "node_modules/celebrate": {
      "version": "15.0.3",
      "resolved": "https://registry.npmjs.org/celebrate/-/celebrate-15.0.3.tgz",
      "integrity": "sha512-ToF8ILq/F0KhQ0CPtexP7Cu9GkqKJ91VKy3ZOCV24aaNWdm3QCHqnXAKfKHrtcM2B2zmPFe11p8WWsQkmq8k4g==",
      "license": "MIT",
      "dependencies": {
        "escape-html": "1.0.3",
        "joi": "17.x.x",
        "lodash": "4.17.x"
      }
    },
    "node_modules/celebrate/node_modules/@hapi/hoek": {
      "version": "9.3.0",
      "resolved": "https://registry.npmjs.org/@hapi/hoek/-/hoek-9.3.0.tgz",
      "integrity": "sha512-/c6rf4UJlmHlC9b5BaNvzAcFv7HZ2QHaV0D4/HNlBdvFnvQq8RI4kYdhyPCl7Xj+oWvTWQ8ujhqS53LIgAe6KQ==",
      "license": "BSD-3-Clause"
    },
    "node_modules/celebrate/node_modules/@hapi/topo": {
      "version": "5.1.0",
      "resolved": "https://registry.npmjs.org/@hapi/topo/-/topo-5.1.0.tgz",
      "integrity": "sha512-foQZKJig7Ob0BMAYBfcJk8d77QtOe7Wo4ox7ff1lQYoNNAb6jwcY1ncdoy2e9wQZzvNy7ODZCYJkK8kzmcAnAg==",
      "license": "BSD-3-Clause",
      "dependencies": {
        "@hapi/hoek": "^9.0.0"
      }
    },
    "node_modules/celebrate/node_modules/joi": {
      "version": "17.13.3",
      "resolved": "https://registry.npmjs.org/joi/-/joi-17.13.3.tgz",
      "integrity": "sha512-otDA4ldcIx+ZXsKHWmp0YizCweVRZG96J10b0FevjfuncLO1oX59THoAmHkNubYJ+9gWsYsp5k8v4ib6oDv1fA==",
      "license": "BSD-3-Clause",
      "dependencies": {
        "@hapi/hoek": "^9.3.0",
        "@hapi/topo": "^5.1.0",
        "@sideway/address": "^4.1.5",
        "@sideway/formula": "^3.0.1",
        "@sideway/pinpoint": "^2.0.0"
      }
    },
    "node_modules/escape-html": {
      "version": "1.0.3",
      "resolved": "https://registry.npmjs.org/escape-html/-/escape-html-1.0.3.tgz",
      "integrity": "sha512-NiSupZ4OeuGwr68lGIeym/ksIZMJodUGOSCZ/FSnTxcrekbvqrgdUxlJOMpijaKZVjAJrWrGs/6Jy8OMuyj9ow==",
      "license": "MIT"
    },
    "node_modules/joi": {
      "version": "18.2.1",
      "resolved": "https://registry.npmjs.org/joi/-/joi-18.2.1.tgz",
      "integrity": "sha512-2/OKlogiESf2Nh3TFCrRjrr9z1DRHeW0I+KReF67+4J0Ns+8hBtHRmoWAZ2OFU6I5+TWLEe6sVlSdXPjHm5UbQ==",
      "license": "BSD-3-Clause",
      "dependencies": {
        "@hapi/address": "^5.1.1",
        "@hapi/formula": "^3.0.2",
        "@hapi/hoek": "^11.0.7",
        "@hapi/pinpoint": "^2.0.1",
        "@hapi/tlds": "^1.1.1",
        "@hapi/topo": "^6.0.2",
        "@standard-schema/spec": "^1.1.0"
      },
      "engines": {
        "node": ">= 20"
      }
    },
    "node_modules/lodash": {
      "version": "4.17.23",
      "resolved": "https://registry.npmjs.org/lodash/-/lodash-4.17.23.tgz",
      "integrity": "sha512-LgVTMpQtIopCi79SJeDiP0TfWi5CNEc/L/aRdTh3yIvmZXTnheWpKjSZhnvMl8iXbC1tFg9gdHHDMLoV7CnG+w==",
      "license": "MIT"
    }
  }
}
